
Microsoft Visual Studio Solution File, Format Version 12.00
# Visual Studio Version 17
VisualStudioVersion = 17.5.002.0
MinimumVisualStudioVersion = 10.0.40219.1
Project("{9A19103F-16F7-4668-BE54-9A1E7A4F7556}") = "AuthAPI", "AuthAPI.csproj", "{1A0729E8-9050-4CA6-97BF-979215D46C52}"
EndProject
Global
	GlobalSection(SolutionConfigurationPlatforms) = preSolution
		Debug|Any CPU = Debug|Any CPU
		Release|Any CPU = Release|Any CPU
	EndGlobalSection
	GlobalSection(ProjectConfigurationPlatforms) = postSolution
		{1A0729E8-9050-4CA6-97BF-979215D46C52}.Debug|Any CPU.ActiveCfg = Debug|Any CPU
		{1A0729E8-9050-4CA6-97BF-979215D46C52}.Debug|Any CPU.Build.0 = Debug|Any CPU
		{1A0729E8-9050-4CA6-97BF-979215D46C52}.Release|Any CPU.ActiveCfg = Release|Any CPU
		{1A0729E8-9050-4CA6-97BF-979215D46C52}.Release|Any CPU.Build.0 = Release|Any CPU
	EndGlobalSection
	GlobalSection(SolutionProperties) = preSolution
		HideSolutionNode = FALSE
	EndGlobalSection
	GlobalSection(ExtensibilityGlobals) = postSolution
		SolutionGuid = {9386CCD2-6264-4E8C-8D27-6AE91A1E075C}
	EndGlobalSection
EndGlobal
